
Microsoft Visual Studio Solution File, Format Version 12.00
# Visual Studio 15
VisualStudioVersion = 15.0.26228.12
MinimumVisualStudioVersion = 10.0.40219.1
Project("{FAE04EC0-301F-11D3-BF4B-00C04F79EFBC}") = "Pask.NuGet", "Pask.NuGet\Pask.NuGet.csproj", "{D083C64D-838A-4360-9674-C229846462A3}"
EndProject
Project("{2150E333-8FDC-42A3-9474-1A3956D46DE8}") = "Solution Items", "Solution Items", "{59A8BC41-2A95-41FF-B97B-364509E6A51F}"
	ProjectSection(SolutionItems) = preProject
		appveyor.yml = appveyor.yml
		LICENSE = LICENSE
		README.md = README.md
	EndProjectSection
EndProject
Project("{2150E333-8FDC-42A3-9474-1A3956D46DE8}") = ".nuget", ".nuget", "{A5A03C0B-7FE7-4105-810F-43BE8BFCC050}"
	ProjectSection(SolutionItems) = preProject
		NuGet.Config = NuGet.Config
	EndProjectSection
EndProject
Project("{2150E333-8FDC-42A3-9474-1A3956D46DE8}") = ".build", ".build", "{939D2AF5-E0CD-4BDD-A86F-6EBCA53088A2}"
	ProjectSection(SolutionItems) = preProject
		.build\build.ps1 = .build\build.ps1
	EndProjectSection
EndProject
Project("{2150E333-8FDC-42A3-9474-1A3956D46DE8}") = "tasks", "tasks", "{864FD7E0-718C-4486-AF0A-24958632FFF9}"
	ProjectSection(SolutionItems) = preProject
		.build\tasks\Test-PackageInstallation.ps1 = .build\tasks\Test-PackageInstallation.ps1
	EndProjectSection
EndProject
Project("{2150E333-8FDC-42A3-9474-1A3956D46DE8}") = "scripts", "scripts", "{73C4FA2B-9E57-4D97-9752-E3F4EA04766D}"
EndProject
Global
	GlobalSection(SolutionConfigurationPlatforms) = preSolution
		Debug|Any CPU = Debug|Any CPU
		Release|Any CPU = Release|Any CPU
	EndGlobalSection
	GlobalSection(ProjectConfigurationPlatforms) = postSolution
		{D083C64D-838A-4360-9674-C229846462A3}.Debug|Any CPU.ActiveCfg = Debug|Any CPU
		{D083C64D-838A-4360-9674-C229846462A3}.Debug|Any CPU.Build.0 = Debug|Any CPU
		{D083C64D-838A-4360-9674-C229846462A3}.Release|Any CPU.ActiveCfg = Release|Any CPU
		{D083C64D-838A-4360-9674-C229846462A3}.Release|Any CPU.Build.0 = Release|Any CPU
	EndGlobalSection
	GlobalSection(SolutionProperties) = preSolution
		HideSolutionNode = FALSE
	EndGlobalSection
	GlobalSection(NestedProjects) = preSolution
		{864FD7E0-718C-4486-AF0A-24958632FFF9} = {939D2AF5-E0CD-4BDD-A86F-6EBCA53088A2}
		{73C4FA2B-9E57-4D97-9752-E3F4EA04766D} = {939D2AF5-E0CD-4BDD-A86F-6EBCA53088A2}
	EndGlobalSection
EndGlobal
